// !$*UTF8*$!
{
	archiveVersion = 1;
	classes = {
	};
	objectVersion = 50;
	objects = {

/* Begin PBXBuildFile section */
		FC4023F7279DCC6F0061AEAE /* FramesAndAligmentsofBootcamp.swift in Sources */ = {isa = PBXBuildFile; fileRef = FC4023F6279DCC6F0061AEAE /* FramesAndAligmentsofBootcamp.swift */; };
		FC4023FA279DE2E00061AEAE /* BackgroundsAndOverlaysBootcamp.swift in Sources */ = {isa = PBXBuildFile; fileRef = FC4023F9279DE2E00061AEAE /* BackgroundsAndOverlaysBootcamp.swift */; };
		FC5716A327A04B92003631C2 /* SpacerofBootcamp.swift in Sources */ = {isa = PBXBuildFile; fileRef = FC5716A227A04B92003631C2 /* SpacerofBootcamp.swift */; };
		FC5CF715279B421100C271F8 /* ColorsofBootcamp.swift in Sources */ = {isa = PBXBuildFile; fileRef = FC5CF714279B421100C271F8 /* ColorsofBootcamp.swift */; };
		FC693C93279F021400DD8991 /* VStackAndZStackAndZStack.swift in Sources */ = {isa = PBXBuildFile; fileRef = FC693C92279F021400DD8991 /* VStackAndZStackAndZStack.swift */; };
		FC693C97279F442B00DD8991 /* PaddingofBootcamp.swift in Sources */ = {isa = PBXBuildFile; fileRef = FC693C96279F442B00DD8991 /* PaddingofBootcamp.swift */; };
		FCAB77A0279DB54A007D3CC5 /* ImagesofBootcamp.swift in Sources */ = {isa = PBXBuildFile; fileRef = FCAB779F279DB54A007D3CC5 /* ImagesofBootcamp.swift */; };
		FCABE02A27999B8000526F2C /* SwiftUIBootcampApp.swift in Sources */ = {isa = PBXBuildFile; fileRef = FCABE02927999B8000526F2C /* SwiftUIBootcampApp.swift */; };
		FCABE02C27999B8000526F2C /* ContentView.swift in Sources */ = {isa = PBXBuildFile; fileRef = FCABE02B27999B8000526F2C /* ContentView.swift */; };
		FCABE02E27999B9400526F2C /* Assets.xcassets in Resources */ = {isa = PBXBuildFile; fileRef = FCABE02D27999B9400526F2C /* Assets.xcassets */; };
		FCABE03127999B9400526F2C /* Preview Assets.xcassets in Resources */ = {isa = PBXBuildFile; fileRef = FCABE03027999B9400526F2C /* Preview Assets.xcassets */; };
		FCABE03A2799BCAD00526F2C /* TextofBootcamp.swift in Sources */ = {isa = PBXBuildFile; fileRef = FCABE0392799BCAD00526F2C /* TextofBootcamp.swift */; };
		FCABE03D2799F6EC00526F2C /* ShapesofBootcamp.swift in Sources */ = {isa = PBXBuildFile; fileRef = FCABE03C2799F6EC00526F2C /* ShapesofBootcamp.swift */; };
		FCDCE1A7279CB629002FB1C1 /* GradientsofBootcamp.swift in Sources */ = {isa = PBXBuildFile; fileRef = FCDCE1A6279CB629002FB1C1 /* GradientsofBootcamp.swift */; };
		FCDCE1AA279CC33C002FB1C1 /* IconsofBootcamp.swift in Sources */ = {isa = PBXBuildFile; fileRef = FCDCE1A9279CC33C002FB1C1 /* IconsofBootcamp.swift */; };
		FCE111F627A2C3EE001A6AE8 /* InitializerAndEnumBootcamp.swift in Sources */ = {isa = PBXBuildFile; fileRef = FCE111F527A2C3ED001A6AE8 /* InitializerAndEnumBootcamp.swift */; };
		FCE111F927A2E4AC001A6AE8 /* ForEachofBootcamp.swift in Sources */ = {isa = PBXBuildFile; fileRef = FCE111F827A2E4AC001A6AE8 /* ForEachofBootcamp.swift */; };
		FCE111FC27A30A6B001A6AE8 /* ScrollViewofBootcamp.swift in Sources */ = {isa = PBXBuildFile; fileRef = FCE111FB27A30A6B001A6AE8 /* ScrollViewofBootcamp.swift */; };
		FCE111FF27A32AC2001A6AE8 /* GridofBootcamp.swift in Sources */ = {isa = PBXBuildFile; fileRef = FCE111FE27A32AC2001A6AE8 /* GridofBootcamp.swift */; };
/* End PBXBuildFile section */

/* Begin PBXFileReference section */
		FC4023F6279DCC6F0061AEAE /* FramesAndAligmentsofBootcamp.swift */ = {isa = PBXFileReference; lastKnownFileType = sourcecode.swift; path = FramesAndAligmentsofBootcamp.swift; sourceTree = "<group>"; };
		FC4023F9279DE2E00061AEAE /* BackgroundsAndOverlaysBootcamp.swift */ = {isa = PBXFileReference; lastKnownFileType = sourcecode.swift; path = BackgroundsAndOverlaysBootcamp.swift; sourceTree = "<group>"; };
		FC5716A227A04B92003631C2 /* SpacerofBootcamp.swift */ = {isa = PBXFileReference; lastKnownFileType = sourcecode.swift; path = SpacerofBootcamp.swift; sourceTree = "<group>"; };
		FC5CF714279B421100C271F8 /* ColorsofBootcamp.swift */ = {isa = PBXFileReference; lastKnownFileType = sourcecode.swift; path = ColorsofBootcamp.swift; sourceTree = "<group>"; };
		FC693C92279F021400DD8991 /* VStackAndZStackAndZStack.swift */ = {isa = PBXFileReference; lastKnownFileType = sourcecode.swift; path = VStackAndZStackAndZStack.swift; sourceTree = "<group>"; };
		FC693C96279F442B00DD8991 /* PaddingofBootcamp.swift */ = {isa = PBXFileReference; lastKnownFileType = sourcecode.swift; path = PaddingofBootcamp.swift; sourceTree = "<group>"; };
		FCAB779F279DB54A007D3CC5 /* ImagesofBootcamp.swift */ = {isa = PBXFileReference; lastKnownFileType = sourcecode.swift; path = ImagesofBootcamp.swift; sourceTree = "<group>"; };
		FCABE02627999B8000526F2C /* SwiftUIBootcamp.app */ = {isa = PBXFileReference; explicitFileType = wrapper.application; includeInIndex = 0; path = SwiftUIBootcamp.app; sourceTree = BUILT_PRODUCTS_DIR; };
		FCABE02927999B8000526F2C /* SwiftUIBootcampApp.swift */ = {isa = PBXFileReference; lastKnownFileType = sourcecode.swift; path = SwiftUIBootcampApp.swift; sourceTree = "<group>"; };
		FCABE02B27999B8000526F2C /* ContentView.swift */ = {isa = PBXFileReference; lastKnownFileType = sourcecode.swift; path = ContentView.swift; sourceTree = "<group>"; };
		FCABE02D27999B9400526F2C /* Assets.xcassets */ = {isa = PBXFileReference; lastKnownFileType = folder.assetcatalog; path = Assets.xcassets; sourceTree = "<group>"; };
		FCABE03027999B9400526F2C /* Preview Assets.xcassets */ = {isa = PBXFileReference; lastKnownFileType = folder.assetcatalog; path = "Preview Assets.xcassets"; sourceTree = "<group>"; };
		FCABE03227999B9400526F2C /* Info.plist */ = {isa = PBXFileReference; lastKnownFileType = text.plist.xml; path = Info.plist; sourceTree = "<group>"; };
		FCABE0392799BCAD00526F2C /* TextofBootcamp.swift */ = {isa = PBXFileReference; lastKnownFileType = sourcecode.swift; path = TextofBootcamp.swift; sourceTree = "<group>"; };
		FCABE03C2799F6EC00526F2C /* ShapesofBootcamp.swift */ = {isa = PBXFileReference; lastKnownFileType = sourcecode.swift; path = ShapesofBootcamp.swift; sourceTree = "<group>"; };
		FCDCE1A6279CB629002FB1C1 /* GradientsofBootcamp.swift */ = {isa = PBXFileReference; lastKnownFileType = sourcecode.swift; path = GradientsofBootcamp.swift; sourceTree = "<group>"; };
		FCDCE1A9279CC33C002FB1C1 /* IconsofBootcamp.swift */ = {isa = PBXFileReference; lastKnownFileType = sourcecode.swift; path = IconsofBootcamp.swift; sourceTree = "<group>"; };
		FCE111F527A2C3ED001A6AE8 /* InitializerAndEnumBootcamp.swift */ = {isa = PBXFileReference; lastKnownFileType = sourcecode.swift; path = InitializerAndEnumBootcamp.swift; sourceTree = "<group>"; };
		FCE111F827A2E4AC001A6AE8 /* ForEachofBootcamp.swift */ = {isa = PBXFileReference; lastKnownFileType = sourcecode.swift; path = ForEachofBootcamp.swift; sourceTree = "<group>"; };
		FCE111FB27A30A6B001A6AE8 /* ScrollViewofBootcamp.swift */ = {isa = PBXFileReference; lastKnownFileType = sourcecode.swift; path = ScrollViewofBootcamp.swift; sourceTree = "<group>"; };
		FCE111FE27A32AC2001A6AE8 /* GridofBootcamp.swift */ = {isa = PBXFileReference; lastKnownFileType = sourcecode.swift; path = GridofBootcamp.swift; sourceTree = "<group>"; };
/* End PBXFileReference section */

/* Begin PBXFrameworksBuildPhase section */
		FCABE02327999B8000526F2C /* Frameworks */ = {
			isa = PBXFrameworksBuildPhase;
			buildActionMask = 2147483647;
			files = (
			);
			runOnlyForDeploymentPostprocessing = 0;
		};
/* End PBXFrameworksBuildPhase section */

/* Begin PBXGroup section */
		FCABE01D27999B8000526F2C = {
			isa = PBXGroup;
			children = (
				FCABE02827999B8000526F2C /* SwiftUIBootcamp */,
				FCABE02727999B8000526F2C /* Products */,
			);
			sourceTree = "<group>";
		};
		FCABE02727999B8000526F2C /* Products */ = {
			isa = PBXGroup;
			children = (
				FCABE02627999B8000526F2C /* SwiftUIBootcamp.app */,
			);
			name = Products;
			sourceTree = "<group>";
		};
		FCABE02827999B8000526F2C /* SwiftUIBootcamp */ = {
			isa = PBXGroup;
			children = (
				FCABE02927999B8000526F2C /* SwiftUIBootcampApp.swift */,
				FCABE02B27999B8000526F2C /* ContentView.swift */,
				FCABE0392799BCAD00526F2C /* TextofBootcamp.swift */,
				FCABE03C2799F6EC00526F2C /* ShapesofBootcamp.swift */,
				FC5CF714279B421100C271F8 /* ColorsofBootcamp.swift */,
				FCDCE1A6279CB629002FB1C1 /* GradientsofBootcamp.swift */,
				FC693C96279F442B00DD8991 /* PaddingofBootcamp.swift */,
				FC5716A227A04B92003631C2 /* SpacerofBootcamp.swift */,
				FCE111FE27A32AC2001A6AE8 /* GridofBootcamp.swift */,
				FCE111F527A2C3ED001A6AE8 /* InitializerAndEnumBootcamp.swift */,
				FCE111F827A2E4AC001A6AE8 /* ForEachofBootcamp.swift */,
				FCE111FB27A30A6B001A6AE8 /* ScrollViewofBootcamp.swift */,
				FCDCE1A9279CC33C002FB1C1 /* IconsofBootcamp.swift */,
				FCAB779F279DB54A007D3CC5 /* ImagesofBootcamp.swift */,
				FC4023F6279DCC6F0061AEAE /* FramesAndAligmentsofBootcamp.swift */,
				FC693C92279F021400DD8991 /* VStackAndZStackAndZStack.swift */,
				FC4023F9279DE2E00061AEAE /* BackgroundsAndOverlaysBootcamp.swift */,
				FCABE02D27999B9400526F2C /* Assets.xcassets */,
				FCABE03227999B9400526F2C /* Info.plist */,
				FCABE02F27999B9400526F2C /* Preview Content */,
			);
			path = SwiftUIBootcamp;
			sourceTree = "<group>";
		};
		FCABE02F27999B9400526F2C /* Preview Content */ = {
			isa = PBXGroup;
			children = (
				FCABE03027999B9400526F2C /* Preview Assets.xcassets */,
			);
			path = "Preview Content";
			sourceTree = "<group>";
		};
/* End PBXGroup section */

/* Begin PBXNativeTarget section */
		FCABE02527999B8000526F2C /* SwiftUIBootcamp */ = {
			isa = PBXNativeTarget;
			buildConfigurationList = FCABE03527999B9400526F2C /* Build configuration list for PBXNativeTarget "SwiftUIBootcamp" */;
			buildPhases = (
				FCABE02227999B8000526F2C /* Sources */,
				FCABE02327999B8000526F2C /* Frameworks */,
				FCABE02427999B8000526F2C /* Resources */,
			);
			buildRules = (
			);
			dependencies = (
			);
			name = SwiftUIBootcamp;
			productName = SwiftUIBootcamp;
			productReference = FCABE02627999B8000526F2C /* SwiftUIBootcamp.app */;
			productType = "com.apple.product-type.application";
		};
/* End PBXNativeTarget section */

/* Begin PBXProject section */
		FCABE01E27999B8000526F2C /* Project object */ = {
			isa = PBXProject;
			attributes = {
				LastSwiftUpdateCheck = 1240;
				LastUpgradeCheck = 1240;
				TargetAttributes = {
					FCABE02527999B8000526F2C = {
						CreatedOnToolsVersion = 12.4;
					};
				};
			};
			buildConfigurationList = FCABE02127999B8000526F2C /* Build configuration list for PBXProject "SwiftUIBootcamp" */;
			compatibilityVersion = "Xcode 9.3";
			developmentRegion = en;
			hasScannedForEncodings = 0;
			knownRegions = (
				en,
				Base,
			);
			mainGroup = FCABE01D27999B8000526F2C;
			productRefGroup = FCABE02727999B8000526F2C /* Products */;
			projectDirPath = "";
			projectRoot = "";
			targets = (
				FCABE02527999B8000526F2C /* SwiftUIBootcamp */,
			);
		};
/* End PBXProject section */

/* Begin PBXResourcesBuildPhase section */
		FCABE02427999B8000526F2C /* Resources */ = {
			isa = PBXResourcesBuildPhase;
			buildActionMask = 2147483647;
			files = (
				FCABE03127999B9400526F2C /* Preview Assets.xcassets in Resources */,
				FCABE02E27999B9400526F2C /* Assets.xcassets in Resources */,
			);
			runOnlyForDeploymentPostprocessing = 0;
		};
/* End PBXResourcesBuildPhase section */

/* Begin PBXSourcesBuildPhase section */
		FCABE02227999B8000526F2C /* Sources */ = {
			isa = PBXSourcesBuildPhase;
			buildActionMask = 2147483647;
			files = (
				FCE111F927A2E4AC001A6AE8 /* ForEachofBootcamp.swift in Sources */,
				FCABE02C27999B8000526F2C /* ContentView.swift in Sources */,
				FCAB77A0279DB54A007D3CC5 /* ImagesofBootcamp.swift in Sources */,
				FCABE02A27999B8000526F2C /* SwiftUIBootcampApp.swift in Sources */,
				FC5CF715279B421100C271F8 /* ColorsofBootcamp.swift in Sources */,
				FC5716A327A04B92003631C2 /* SpacerofBootcamp.swift in Sources */,
				FCDCE1A7279CB629002FB1C1 /* GradientsofBootcamp.swift in Sources */,
				FC4023FA279DE2E00061AEAE /* BackgroundsAndOverlaysBootcamp.swift in Sources */,
				FCABE03A2799BCAD00526F2C /* TextofBootcamp.swift in Sources */,
				FCE111FC27A30A6B001A6AE8 /* ScrollViewofBootcamp.swift in Sources */,
				FCDCE1AA279CC33C002FB1C1 /* IconsofBootcamp.swift in Sources */,
				FC4023F7279DCC6F0061AEAE /* FramesAndAligmentsofBootcamp.swift in Sources */,
				FC693C93279F021400DD8991 /* VStackAndZStackAndZStack.swift in Sources */,
				FCABE03D2799F6EC00526F2C /* ShapesofBootcamp.swift in Sources */,
				FCE111F627A2C3EE001A6AE8 /* InitializerAndEnumBootcamp.swift in Sources */,
				FC693C97279F442B00DD8991 /* PaddingofBootcamp.swift in Sources */,
				FCE111FF27A32AC2001A6AE8 /* GridofBootcamp.swift in Sources */,
			);
			runOnlyForDeploymentPostprocessing = 0;
		};
/* End PBXSourcesBuildPhase section */

/* Begin XCBuildConfiguration section */
		FCABE03327999B9400526F2C /* Debug */ = {
			isa = XCBuildConfiguration;
			buildSettings = {
				ALWAYS_SEARCH_USER_PATHS = NO;
				CLANG_ANALYZER_NONNULL = YES;
				CLANG_ANALYZER_NUMBER_OBJECT_CONVERSION = YES_AGGRESSIVE;
				CLANG_CXX_LANGUAGE_STANDARD = "gnu++14";
				CLANG_CXX_LIBRARY = "libc++";
				CLANG_ENABLE_MODULES = YES;
				CLANG_ENABLE_OBJC_ARC = YES;
				CLANG_ENABLE_OBJC_WEAK = YES;
				CLANG_WARN_BLOCK_CAPTURE_AUTORELEASING = YES;
				CLANG_WARN_BOOL_CONVERSION = YES;
				CLANG_WARN_COMMA = YES;
				CLANG_WARN_CONSTANT_CONVERSION = YES;
				CLANG_WARN_DEPRECATED_OBJC_IMPLEMENTATIONS = YES;
				CLANG_WARN_DIRECT_OBJC_ISA_USAGE = YES_ERROR;
				CLANG_WARN_DOCUMENTATION_COMMENTS = YES;
				CLANG_WARN_EMPTY_BODY = YES;
				CLANG_WARN_ENUM_CONVERSION = YES;
				CLANG_WARN_INFINITE_RECURSION = YES;
				CLANG_WARN_INT_CONVERSION = YES;
				CLANG_WARN_NON_LITERAL_NULL_CONVERSION = YES;
				CLANG_WARN_OBJC_IMPLICIT_RETAIN_SELF = YES;
				CLANG_WARN_OBJC_LITERAL_CONVERSION = YES;
				CLANG_WARN_OBJC_ROOT_CLASS = YES_ERROR;
				CLANG_WARN_QUOTED_INCLUDE_IN_FRAMEWORK_HEADER = YES;
				CLANG_WARN_RANGE_LOOP_ANALYSIS = YES;
				CLANG_WARN_STRICT_PROTOTYPES = YES;
				CLANG_WARN_SUSPICIOUS_MOVE = YES;
				CLANG_WARN_UNGUARDED_AVAILABILITY = YES_AGGRESSIVE;
				CLANG_WARN_UNREACHABLE_CODE = YES;
				CLANG_WARN__DUPLICATE_METHOD_MATCH = YES;
				COPY_PHASE_STRIP = NO;
				DEBUG_INFORMATION_FORMAT = dwarf;
				ENABLE_STRICT_OBJC_MSGSEND = YES;
				ENABLE_TESTABILITY = YES;
				GCC_C_LANGUAGE_STANDARD = gnu11;
				GCC_DYNAMIC_NO_PIC = NO;
				GCC_NO_COMMON_BLOCKS = YES;
				GCC_OPTIMIZATION_LEVEL = 0;
				GCC_PREPROCESSOR_DEFINITIONS = (
					"DEBUG=1",
					"$(inherited)",
				);
				GCC_WARN_64_TO_32_BIT_CONVERSION = YES;
				GCC_WARN_ABOUT_RETURN_TYPE = YES_ERROR;
				GCC_WARN_UNDECLARED_SELECTOR = YES;
				GCC_WARN_UNINITIALIZED_AUTOS = YES_AGGRESSIVE;
				GCC_WARN_UNUSED_FUNCTION = YES;
				GCC_WARN_UNUSED_VARIABLE = YES;
				IPHONEOS_DEPLOYMENT_TARGET = 14.4;
				MTL_ENABLE_DEBUG_INFO = INCLUDE_SOURCE;
				MTL_FAST_MATH = YES;
				ONLY_ACTIVE_ARCH = YES;
				SDKROOT = iphoneos;
				SWIFT_ACTIVE_COMPILATION_CONDITIONS = DEBUG;
				SWIFT_OPTIMIZATION_LEVEL = "-Onone";
			};
			name = Debug;
		};
		FCABE03427999B9400526F2C /* Release */ = {
			isa = XCBuildConfiguration;
			buildSettings = {
				ALWAYS_SEARCH_USER_PATHS = NO;
				CLANG_ANALYZER_NONNULL = YES;
				CLANG_ANALYZER_NUMBER_OBJECT_CONVERSION = YES_AGGRESSIVE;
				CLANG_CXX_LANGUAGE_STANDARD = "gnu++14";
				CLANG_CXX_LIBRARY = "libc++";
				CLANG_ENABLE_MODULES = YES;
				CLANG_ENABLE_OBJC_ARC = YES;
				CLANG_ENABLE_OBJC_WEAK = YES;
				CLANG_WARN_BLOCK_CAPTURE_AUTORELEASING = YES;
				CLANG_WARN_BOOL_CONVERSION = YES;
				CLANG_WARN_COMMA = YES;
				CLANG_WARN_CONSTANT_CONVERSION = YES;
				CLANG_WARN_DEPRECATED_OBJC_IMPLEMENTATIONS = YES;
				CLANG_WARN_DIRECT_OBJC_ISA_USAGE = YES_ERROR;
				CLANG_WARN_DOCUMENTATION_COMMENTS = YES;
				CLANG_WARN_EMPTY_BODY = YES;
				CLANG_WARN_ENUM_CONVERSION = YES;
				CLANG_WARN_INFINITE_RECURSION = YES;
				CLANG_WARN_INT_CONVERSION = YES;
				CLANG_WARN_NON_LITERAL_NULL_CONVERSION = YES;
				CLANG_WARN_OBJC_IMPLICIT_RETAIN_SELF = YES;
				CLANG_WARN_OBJC_LITERAL_CONVERSION = YES;
				CLANG_WARN_OBJC_ROOT_CLASS = YES_ERROR;
				CLANG_WARN_QUOTED_INCLUDE_IN_FRAMEWORK_HEADER = YES;
				CLANG_WARN_RANGE_LOOP_ANALYSIS = YES;
				CLANG_WARN_STRICT_PROTOTYPES = YES;
				CLANG_WARN_SUSPICIOUS_MOVE = YES;
				CLANG_WARN_UNGUARDED_AVAILABILITY = YES_AGGRESSIVE;
				CLANG_WARN_UNREACHABLE_CODE = YES;
				CLANG_WARN__DUPLICATE_METHOD_MATCH = YES;
				COPY_PHASE_STRIP = NO;
				DEBUG_INFORMATION_FORMAT = "dwarf-with-dsym";
				ENABLE_NS_ASSERTIONS = NO;
				ENABLE_STRICT_OBJC_MSGSEND = YES;
				GCC_C_LANGUAGE_STANDARD = gnu11;
				GCC_NO_COMMON_BLOCKS = YES;
				GCC_WARN_64_TO_32_BIT_CONVERSION = YES;
				GCC_WARN_ABOUT_RETURN_TYPE = YES_ERROR;
				GCC_WARN_UNDECLARED_SELECTOR = YES;
				GCC_WARN_UNINITIALIZED_AUTOS = YES_AGGRESSIVE;
				GCC_WARN_UNUSED_FUNCTION = YES;
				GCC_WARN_UNUSED_VARIABLE = YES;
				IPHONEOS_DEPLOYMENT_TARGET = 14.4;
				MTL_ENABLE_DEBUG_INFO = NO;
				MTL_FAST_MATH = YES;
				SDKROOT = iphoneos;
				SWIFT_COMPILATION_MODE = wholemodule;
				SWIFT_OPTIMIZATION_LEVEL = "-O";
				VALIDATE_PRODUCT = YES;
			};
			name = Release;
		};
		FCABE03627999B9400526F2C /* Debug */ = {
			isa = XCBuildConfiguration;
			buildSettings = {
				ASSETCATALOG_COMPILER_APPICON_NAME = AppIcon;
				ASSETCATALOG_COMPILER_GLOBAL_ACCENT_COLOR_NAME = AccentColor;
				CODE_SIGN_STYLE = Automatic;
				DEVELOPMENT_ASSET_PATHS = "\"SwiftUIBootcamp/Preview Content\"";
				DEVELOPMENT_TEAM = DP2357V4FR;
				ENABLE_PREVIEWS = YES;
				INFOPLIST_FILE = SwiftUIBootcamp/Info.plist;
				IPHONEOS_DEPLOYMENT_TARGET = 14.0;
				LD_RUNPATH_SEARCH_PATHS = (
					"$(inherited)",
					"@executable_path/Frameworks",
				);
				PRODUCT_BUNDLE_IDENTIFIER = herbin.SwiftUIBootcamp;
				PRODUCT_NAME = "$(TARGET_NAME)";
				SWIFT_VERSION = 5.0;
				TARGETED_DEVICE_FAMILY = "1,2";
			};
			name = Debug;
		};
		FCABE03727999B9400526F2C /* Release */ = {
			isa = XCBuildConfiguration;
			buildSettings = {
				ASSETCATALOG_COMPILER_APPICON_NAME = AppIcon;
				ASSETCATALOG_COMPILER_GLOBAL_ACCENT_COLOR_NAME = AccentColor;
				CODE_SIGN_STYLE = Automatic;
				DEVELOPMENT_ASSET_PATHS = "\"SwiftUIBootcamp/Preview Content\"";
				DEVELOPMENT_TEAM = DP2357V4FR;
				ENABLE_PREVIEWS = YES;
				INFOPLIST_FILE = SwiftUIBootcamp/Info.plist;
				IPHONEOS_DEPLOYMENT_TARGET = 14.0;
				LD_RUNPATH_SEARCH_PATHS = (
					"$(inherited)",
					"@executable_path/Frameworks",
				);
				PRODUCT_BUNDLE_IDENTIFIER = herbin.SwiftUIBootcamp;
				PRODUCT_NAME = "$(TARGET_NAME)";
				SWIFT_VERSION = 5.0;
				TARGETED_DEVICE_FAMILY = "1,2";
			};
			name = Release;
		};
/* End XCBuildConfiguration section */

/* Begin XCConfigurationList section */
		FCABE02127999B8000526F2C /* Build configuration list for PBXProject "SwiftUIBootcamp" */ = {
			isa = XCConfigurationList;
			buildConfigurations = (
				FCABE03327999B9400526F2C /* Debug */,
				FCABE03427999B9400526F2C /* Release */,
			);
			defaultConfigurationIsVisible = 0;
			defaultConfigurationName = Release;
		};
		FCABE03527999B9400526F2C /* Build configuration list for PBXNativeTarget "SwiftUIBootcamp" */ = {
			isa = XCConfigurationList;
			buildConfigurations = (
				FCABE03627999B9400526F2C /* Debug */,
				FCABE03727999B9400526F2C /* Release */,
			);
			defaultConfigurationIsVisible = 0;
			defaultConfigurationName = Release;
		};
/* End XCConfigurationList section */
	};
	rootObject = FCABE01E27999B8000526F2C /* Project object */;
}
